        # Generated by pub. See: http://pub.dartlang.org/doc/glossary.html#lockfile
         {"packages":{"box2d":{"version":"0.0.7","source":"hosted","description":"box2d"},"browser":{"version":"0.3.4","source":"hosted","description":"browser"},"args":{"version":"0.2.10+1","source":"hosted","description":"args"},"unittest":{"version":"0.3.4","source":"hosted","description":"unittest"},"meta":{"version":"0.3.4","source":"hosted","description":"meta"}}}
        